
Microsoft Visual Studio Solution File, Format Version 12.00
# Visual Studio Version 16
VisualStudioVersion = 16.0.31129.286
MinimumVisualStudioVersion = 10.0.40219.1
Project("{FAE04EC0-301F-11D3-BF4B-00C04F79EFBC}") = "Lab1", "Lab1\Lab1.csproj", "{F4B06A29-B13B-494B-9602-84CE55F687D0}"
EndProject
Global
	GlobalSection(SolutionConfigurationPlatforms) = preSolution
		Debug|Any CPU = Debug|Any CPU
		Release|Any CPU = Release|Any CPU
	EndGlobalSection
	GlobalSection(ProjectConfigurationPlatforms) = postSolution
		{F4B06A29-B13B-494B-9602-84CE55F687D0}.Debug|Any CPU.ActiveCfg = Debug|Any CPU
		{F4B06A29-B13B-494B-9602-84CE55F687D0}.Debug|Any CPU.Build.0 = Debug|Any CPU
		{F4B06A29-B13B-494B-9602-84CE55F687D0}.Release|Any CPU.ActiveCfg = Release|Any CPU
		{F4B06A29-B13B-494B-9602-84CE55F687D0}.Release|Any CPU.Build.0 = Release|Any CPU
	EndGlobalSection
	GlobalSection(SolutionProperties) = preSolution
		HideSolutionNode = FALSE
	EndGlobalSection
	GlobalSection(ExtensibilityGlobals) = postSolution
		SolutionGuid = {077D0E17-AADC-4F72-AC09-2851647BFA6A}
	EndGlobalSection
EndGlobal
